// !$*UTF8*$!
{
	archiveVersion = 1;
	classes = {
	};
	objectVersion = 56;
	objects = {

/* Begin PBXBuildFile section */
		3003F74329C5B6A6001D48FC /* RainbowSloth.swift in Sources */ = {isa = PBXBuildFile; fileRef = 3003F74229C5B6A6001D48FC /* RainbowSloth.swift */; };
		3003F74429C5B6A6001D48FC /* RainbowSloth.swift in Sources */ = {isa = PBXBuildFile; fileRef = 3003F74229C5B6A6001D48FC /* RainbowSloth.swift */; };
		300DBA6129AE463C007DA9A6 /* Hkdf.swift in Sources */ = {isa = PBXBuildFile; fileRef = 300DBA6029AE463C007DA9A6 /* Hkdf.swift */; };
		300DBA6329AE4B44007DA9A6 /* HkdfTests.swift in Sources */ = {isa = PBXBuildFile; fileRef = 300DBA6229AE4B44007DA9A6 /* HkdfTests.swift */; };
		300DBA6429AE53A5007DA9A6 /* Hkdf.swift in Sources */ = {isa = PBXBuildFile; fileRef = 300DBA6029AE463C007DA9A6 /* Hkdf.swift */; };
		300DBA6629AE54F2007DA9A6 /* SecureEnclaveTests.swift in Sources */ = {isa = PBXBuildFile; fileRef = 300DBA6529AE54F2007DA9A6 /* SecureEnclaveTests.swift */; };
		303ADED029700A3B005E3023 /* SecureEnclave.swift in Sources */ = {isa = PBXBuildFile; fileRef = 303ADECF29700A3B005E3023 /* SecureEnclave.swift */; };
		303ADED2297026D7005E3023 /* UIDevice.swift in Sources */ = {isa = PBXBuildFile; fileRef = 303ADED1297026D7005E3023 /* UIDevice.swift */; };
		30850551296F1A6800FFB481 /* SecureEnclaveBenchApp.swift in Sources */ = {isa = PBXBuildFile; fileRef = 30850550296F1A6800FFB481 /* SecureEnclaveBenchApp.swift */; };
		30850553296F1A6800FFB481 /* ContentView.swift in Sources */ = {isa = PBXBuildFile; fileRef = 30850552296F1A6800FFB481 /* ContentView.swift */; };
		30850555296F1A6A00FFB481 /* Assets.xcassets in Resources */ = {isa = PBXBuildFile; fileRef = 30850554296F1A6A00FFB481 /* Assets.xcassets */; };
		30850558296F1A6A00FFB481 /* Preview Assets.xcassets in Resources */ = {isa = PBXBuildFile; fileRef = 30850557296F1A6A00FFB481 /* Preview Assets.xcassets */; };
		30D3BC8829C5F8BA004F6DFD /* PwHash.swift in Sources */ = {isa = PBXBuildFile; fileRef = 30D3BC8729C5F8BA004F6DFD /* PwHash.swift */; };
		30D3BC8929C5F8BA004F6DFD /* PwHash.swift in Sources */ = {isa = PBXBuildFile; fileRef = 30D3BC8729C5F8BA004F6DFD /* PwHash.swift */; };
		30D3BC8B29C5FB4F004F6DFD /* PwHashTests.swift in Sources */ = {isa = PBXBuildFile; fileRef = 30D3BC8A29C5FB4F004F6DFD /* PwHashTests.swift */; };
		30D3BC8D29C5FEEC004F6DFD /* Utils.swift in Sources */ = {isa = PBXBuildFile; fileRef = 30D3BC8C29C5FEEC004F6DFD /* Utils.swift */; };
		30D3BC8E29C5FEEC004F6DFD /* Utils.swift in Sources */ = {isa = PBXBuildFile; fileRef = 30D3BC8C29C5FEEC004F6DFD /* Utils.swift */; };
		30D3BC9029C603FE004F6DFD /* RainbowSlothTests.swift in Sources */ = {isa = PBXBuildFile; fileRef = 30D3BC8F29C603FE004F6DFD /* RainbowSlothTests.swift */; };
		30E01BB329B0EF01002D05DC /* SecureEnclave.swift in Sources */ = {isa = PBXBuildFile; fileRef = 303ADECF29700A3B005E3023 /* SecureEnclave.swift */; };
		30E01BB529B0F80E002D05DC /* ReHashToEc.swift in Sources */ = {isa = PBXBuildFile; fileRef = 30E01BB429B0F80E002D05DC /* ReHashToEc.swift */; };
		30E01BB629B0F80E002D05DC /* ReHashToEc.swift in Sources */ = {isa = PBXBuildFile; fileRef = 30E01BB429B0F80E002D05DC /* ReHashToEc.swift */; };
		30E01BB829B10758002D05DC /* ReHashToEcTests.swift in Sources */ = {isa = PBXBuildFile; fileRef = 30E01BB729B10758002D05DC /* ReHashToEcTests.swift */; };
		40EFAA80359694B09071DCD0 /* Pods_SecureEnclaveBench.framework in Frameworks */ = {isa = PBXBuildFile; fileRef = F7E5577059410859844DECB3 /* Pods_SecureEnclaveBench.framework */; };
		E816CCFCC678E33C1456463E /* Pods_SecureEnclaveBenchTests.framework in Frameworks */ = {isa = PBXBuildFile; fileRef = 7896F15D3F3E08E274B44876 /* Pods_SecureEnclaveBenchTests.framework */; };
/* End PBXBuildFile section */

/* Begin PBXContainerItemProxy section */
		3085055E296F1A6A00FFB481 /* PBXContainerItemProxy */ = {
			isa = PBXContainerItemProxy;
			containerPortal = 30850545296F1A6800FFB481 /* Project object */;
			proxyType = 1;
			remoteGlobalIDString = 3085054C296F1A6800FFB481;
			remoteInfo = SecureEnclaveBench;
		};
/* End PBXContainerItemProxy section */

/* Begin PBXFileReference section */
		3003F74229C5B6A6001D48FC /* RainbowSloth.swift */ = {isa = PBXFileReference; lastKnownFileType = sourcecode.swift; path = RainbowSloth.swift; sourceTree = "<group>"; };
		300DBA6029AE463C007DA9A6 /* Hkdf.swift */ = {isa = PBXFileReference; lastKnownFileType = sourcecode.swift; path = Hkdf.swift; sourceTree = "<group>"; };
		300DBA6229AE4B44007DA9A6 /* HkdfTests.swift */ = {isa = PBXFileReference; lastKnownFileType = sourcecode.swift; path = HkdfTests.swift; sourceTree = "<group>"; };
		300DBA6529AE54F2007DA9A6 /* SecureEnclaveTests.swift */ = {isa = PBXFileReference; lastKnownFileType = sourcecode.swift; path = SecureEnclaveTests.swift; sourceTree = "<group>"; };
		303ADECF29700A3B005E3023 /* SecureEnclave.swift */ = {isa = PBXFileReference; lastKnownFileType = sourcecode.swift; path = SecureEnclave.swift; sourceTree = "<group>"; };
		303ADED1297026D7005E3023 /* UIDevice.swift */ = {isa = PBXFileReference; lastKnownFileType = sourcecode.swift; path = UIDevice.swift; sourceTree = "<group>"; };
		3056BB0DFF210673FF054D85 /* Pods-SecureEnclaveBenchTests.release.xcconfig */ = {isa = PBXFileReference; includeInIndex = 1; lastKnownFileType = text.xcconfig; name = "Pods-SecureEnclaveBenchTests.release.xcconfig"; path = "Target Support Files/Pods-SecureEnclaveBenchTests/Pods-SecureEnclaveBenchTests.release.xcconfig"; sourceTree = "<group>"; };
		3085054D296F1A6800FFB481 /* SecureEnclaveBench.app */ = {isa = PBXFileReference; explicitFileType = wrapper.application; includeInIndex = 0; path = SecureEnclaveBench.app; sourceTree = BUILT_PRODUCTS_DIR; };
		30850550296F1A6800FFB481 /* SecureEnclaveBenchApp.swift */ = {isa = PBXFileReference; lastKnownFileType = sourcecode.swift; path = SecureEnclaveBenchApp.swift; sourceTree = "<group>"; };
		30850552296F1A6800FFB481 /* ContentView.swift */ = {isa = PBXFileReference; lastKnownFileType = sourcecode.swift; path = ContentView.swift; sourceTree = "<group>"; };
		30850554296F1A6A00FFB481 /* Assets.xcassets */ = {isa = PBXFileReference; lastKnownFileType = folder.assetcatalog; path = Assets.xcassets; sourceTree = "<group>"; };
		30850557296F1A6A00FFB481 /* Preview Assets.xcassets */ = {isa = PBXFileReference; lastKnownFileType = folder.assetcatalog; path = "Preview Assets.xcassets"; sourceTree = "<group>"; };
		3085055D296F1A6A00FFB481 /* SecureEnclaveBenchTests.xctest */ = {isa = PBXFileReference; explicitFileType = wrapper.cfbundle; includeInIndex = 0; path = SecureEnclaveBenchTests.xctest; sourceTree = BUILT_PRODUCTS_DIR; };
		30D3BC8729C5F8BA004F6DFD /* PwHash.swift */ = {isa = PBXFileReference; lastKnownFileType = sourcecode.swift; path = PwHash.swift; sourceTree = "<group>"; };
		30D3BC8A29C5FB4F004F6DFD /* PwHashTests.swift */ = {isa = PBXFileReference; lastKnownFileType = sourcecode.swift; path = PwHashTests.swift; sourceTree = "<group>"; };
		30D3BC8C29C5FEEC004F6DFD /* Utils.swift */ = {isa = PBXFileReference; lastKnownFileType = sourcecode.swift; path = Utils.swift; sourceTree = "<group>"; };
		30D3BC8F29C603FE004F6DFD /* RainbowSlothTests.swift */ = {isa = PBXFileReference; lastKnownFileType = sourcecode.swift; path = RainbowSlothTests.swift; sourceTree = "<group>"; };
		30E01BB429B0F80E002D05DC /* ReHashToEc.swift */ = {isa = PBXFileReference; lastKnownFileType = sourcecode.swift; path = ReHashToEc.swift; sourceTree = "<group>"; };
		30E01BB729B10758002D05DC /* ReHashToEcTests.swift */ = {isa = PBXFileReference; lastKnownFileType = sourcecode.swift; path = ReHashToEcTests.swift; sourceTree = "<group>"; };
		7896F15D3F3E08E274B44876 /* Pods_SecureEnclaveBenchTests.framework */ = {isa = PBXFileReference; explicitFileType = wrapper.framework; includeInIndex = 0; path = Pods_SecureEnclaveBenchTests.framework; sourceTree = BUILT_PRODUCTS_DIR; };
		8E36CE7BC39DE6058CD8F830 /* Pods-SecureEnclaveBench.debug.xcconfig */ = {isa = PBXFileReference; includeInIndex = 1; lastKnownFileType = text.xcconfig; name = "Pods-SecureEnclaveBench.debug.xcconfig"; path = "Target Support Files/Pods-SecureEnclaveBench/Pods-SecureEnclaveBench.debug.xcconfig"; sourceTree = "<group>"; };
		A8C6A422BF7C92F896CF025D /* Pods-SecureEnclaveBenchTests.debug.xcconfig */ = {isa = PBXFileReference; includeInIndex = 1; lastKnownFileType = text.xcconfig; name = "Pods-SecureEnclaveBenchTests.debug.xcconfig"; path = "Target Support Files/Pods-SecureEnclaveBenchTests/Pods-SecureEnclaveBenchTests.debug.xcconfig"; sourceTree = "<group>"; };
		C7E2EFB1A1538986901492EC /* Pods-SecureEnclaveBench.release.xcconfig */ = {isa = PBXFileReference; includeInIndex = 1; lastKnownFileType = text.xcconfig; name = "Pods-SecureEnclaveBench.release.xcconfig"; path = "Target Support Files/Pods-SecureEnclaveBench/Pods-SecureEnclaveBench.release.xcconfig"; sourceTree = "<group>"; };
		F7E5577059410859844DECB3 /* Pods_SecureEnclaveBench.framework */ = {isa = PBXFileReference; explicitFileType = wrapper.framework; includeInIndex = 0; path = Pods_SecureEnclaveBench.framework; sourceTree = BUILT_PRODUCTS_DIR; };
/* End PBXFileReference section */

/* Begin PBXFrameworksBuildPhase section */
		3085054A296F1A6800FFB481 /* Frameworks */ = {
			isa = PBXFrameworksBuildPhase;
			buildActionMask = 2147483647;
			files = (
				40EFAA80359694B09071DCD0 /* Pods_SecureEnclaveBench.framework in Frameworks */,
			);
			runOnlyForDeploymentPostprocessing = 0;
		};
		3085055A296F1A6A00FFB481 /* Frameworks */ = {
			isa = PBXFrameworksBuildPhase;
			buildActionMask = 2147483647;
			files = (
				E816CCFCC678E33C1456463E /* Pods_SecureEnclaveBenchTests.framework in Frameworks */,
			);
			runOnlyForDeploymentPostprocessing = 0;
		};
/* End PBXFrameworksBuildPhase section */

/* Begin PBXGroup section */
		30850544296F1A6800FFB481 = {
			isa = PBXGroup;
			children = (
				3085054F296F1A6800FFB481 /* SecureEnclaveBench */,
				30850560296F1A6A00FFB481 /* SecureEnclaveBenchTests */,
				3085054E296F1A6800FFB481 /* Products */,
				DBD0D1FECE377AF3FF326C76 /* Pods */,
				C38E7772D1F0A77A64F74333 /* Frameworks */,
			);
			sourceTree = "<group>";
		};
		3085054E296F1A6800FFB481 /* Products */ = {
			isa = PBXGroup;
			children = (
				3085054D296F1A6800FFB481 /* SecureEnclaveBench.app */,
				3085055D296F1A6A00FFB481 /* SecureEnclaveBenchTests.xctest */,
			);
			name = Products;
			sourceTree = "<group>";
		};
		3085054F296F1A6800FFB481 /* SecureEnclaveBench */ = {
			isa = PBXGroup;
			children = (
				30850550296F1A6800FFB481 /* SecureEnclaveBenchApp.swift */,
				30850552296F1A6800FFB481 /* ContentView.swift */,
				30850554296F1A6A00FFB481 /* Assets.xcassets */,
				30850556296F1A6A00FFB481 /* Preview Content */,
				303ADECF29700A3B005E3023 /* SecureEnclave.swift */,
				303ADED1297026D7005E3023 /* UIDevice.swift */,
				300DBA6029AE463C007DA9A6 /* Hkdf.swift */,
				30E01BB429B0F80E002D05DC /* ReHashToEc.swift */,
				3003F74229C5B6A6001D48FC /* RainbowSloth.swift */,
				30D3BC8729C5F8BA004F6DFD /* PwHash.swift */,
				30D3BC8C29C5FEEC004F6DFD /* Utils.swift */,
			);
			path = SecureEnclaveBench;
			sourceTree = "<group>";
		};
		30850556296F1A6A00FFB481 /* Preview Content */ = {
			isa = PBXGroup;
			children = (
				30850557296F1A6A00FFB481 /* Preview Assets.xcassets */,
			);
			path = "Preview Content";
			sourceTree = "<group>";
		};
		30850560296F1A6A00FFB481 /* SecureEnclaveBenchTests */ = {
			isa = PBXGroup;
			children = (
				300DBA6229AE4B44007DA9A6 /* HkdfTests.swift */,
				30D3BC8A29C5FB4F004F6DFD /* PwHashTests.swift */,
				300DBA6529AE54F2007DA9A6 /* SecureEnclaveTests.swift */,
				30E01BB729B10758002D05DC /* ReHashToEcTests.swift */,
				30D3BC8F29C603FE004F6DFD /* RainbowSlothTests.swift */,
			);
			path = SecureEnclaveBenchTests;
			sourceTree = "<group>";
		};
		C38E7772D1F0A77A64F74333 /* Frameworks */ = {
			isa = PBXGroup;
			children = (
				F7E5577059410859844DECB3 /* Pods_SecureEnclaveBench.framework */,
				7896F15D3F3E08E274B44876 /* Pods_SecureEnclaveBenchTests.framework */,
			);
			name = Frameworks;
			sourceTree = "<group>";
		};
		DBD0D1FECE377AF3FF326C76 /* Pods */ = {
			isa = PBXGroup;
			children = (
				8E36CE7BC39DE6058CD8F830 /* Pods-SecureEnclaveBench.debug.xcconfig */,
				C7E2EFB1A1538986901492EC /* Pods-SecureEnclaveBench.release.xcconfig */,
				A8C6A422BF7C92F896CF025D /* Pods-SecureEnclaveBenchTests.debug.xcconfig */,
				3056BB0DFF210673FF054D85 /* Pods-SecureEnclaveBenchTests.release.xcconfig */,
			);
			path = Pods;
			sourceTree = "<group>";
		};
/* End PBXGroup section */

/* Begin PBXNativeTarget section */
		3085054C296F1A6800FFB481 /* SecureEnclaveBench */ = {
			isa = PBXNativeTarget;
			buildConfigurationList = 30850571296F1A6A00FFB481 /* Build configuration list for PBXNativeTarget "SecureEnclaveBench" */;
			buildPhases = (
				B3E35FBEE635C2F3E3DEB0EB /* [CP] Check Pods Manifest.lock */,
				30850549296F1A6800FFB481 /* Sources */,
				3085054A296F1A6800FFB481 /* Frameworks */,
				3085054B296F1A6800FFB481 /* Resources */,
				B4AA9042F58316AE5F77AB8C /* [CP] Embed Pods Frameworks */,
			);
			buildRules = (
			);
			dependencies = (
			);
			name = SecureEnclaveBench;
			productName = SecureEnclaveBench;
			productReference = 3085054D296F1A6800FFB481 /* SecureEnclaveBench.app */;
			productType = "com.apple.product-type.application";
		};
		3085055C296F1A6A00FFB481 /* SecureEnclaveBenchTests */ = {
			isa = PBXNativeTarget;
			buildConfigurationList = 30850574296F1A6A00FFB481 /* Build configuration list for PBXNativeTarget "SecureEnclaveBenchTests" */;
			buildPhases = (
				28FDBC4A90A64965F6BC3E42 /* [CP] Check Pods Manifest.lock */,
				30850559296F1A6A00FFB481 /* Sources */,
				3085055A296F1A6A00FFB481 /* Frameworks */,
				3085055B296F1A6A00FFB481 /* Resources */,
			);
			buildRules = (
			);
			dependencies = (
				3085055F296F1A6A00FFB481 /* PBXTargetDependency */,
			);
			name = SecureEnclaveBenchTests;
			productName = SecureEnclaveBenchTests;
			productReference = 3085055D296F1A6A00FFB481 /* SecureEnclaveBenchTests.xctest */;
			productType = "com.apple.product-type.bundle.unit-test";
		};
/* End PBXNativeTarget section */

/* Begin PBXProject section */
		30850545296F1A6800FFB481 /* Project object */ = {
			isa = PBXProject;
			attributes = {
				BuildIndependentTargetsInParallel = 1;
				LastSwiftUpdateCheck = 1420;
				LastUpgradeCheck = 1420;
				TargetAttributes = {
					3085054C296F1A6800FFB481 = {
						CreatedOnToolsVersion = 14.2;
					};
					3085055C296F1A6A00FFB481 = {
						CreatedOnToolsVersion = 14.2;
						TestTargetID = 3085054C296F1A6800FFB481;
					};
				};
			};
			buildConfigurationList = 30850548296F1A6800FFB481 /* Build configuration list for PBXProject "SecureEnclaveBench" */;
			compatibilityVersion = "Xcode 14.0";
			developmentRegion = en;
			hasScannedForEncodings = 0;
			knownRegions = (
				en,
				Base,
			);
			mainGroup = 30850544296F1A6800FFB481;
			productRefGroup = 3085054E296F1A6800FFB481 /* Products */;
			projectDirPath = "";
			projectRoot = "";
			targets = (
				3085054C296F1A6800FFB481 /* SecureEnclaveBench */,
				3085055C296F1A6A00FFB481 /* SecureEnclaveBenchTests */,
			);
		};
/* End PBXProject section */

/* Begin PBXResourcesBuildPhase section */
		3085054B296F1A6800FFB481 /* Resources */ = {
			isa = PBXResourcesBuildPhase;
			buildActionMask = 2147483647;
			files = (
				30850558296F1A6A00FFB481 /* Preview Assets.xcassets in Resources */,
				30850555296F1A6A00FFB481 /* Assets.xcassets in Resources */,
			);
			runOnlyForDeploymentPostprocessing = 0;
		};
		3085055B296F1A6A00FFB481 /* Resources */ = {
			isa = PBXResourcesBuildPhase;
			buildActionMask = 2147483647;
			files = (
			);
			runOnlyForDeploymentPostprocessing = 0;
		};
/* End PBXResourcesBuildPhase section */

/* Begin PBXShellScriptBuildPhase section */
		28FDBC4A90A64965F6BC3E42 /* [CP] Check Pods Manifest.lock */ = {
			isa = PBXShellScriptBuildPhase;
			buildActionMask = 2147483647;
			files = (
			);
			inputFileListPaths = (
			);
			inputPaths = (
				"${PODS_PODFILE_DIR_PATH}/Podfile.lock",
				"${PODS_ROOT}/Manifest.lock",
			);
			name = "[CP] Check Pods Manifest.lock";
			outputFileListPaths = (
			);
			outputPaths = (
				"$(DERIVED_FILE_DIR)/Pods-SecureEnclaveBenchTests-checkManifestLockResult.txt",
			);
			runOnlyForDeploymentPostprocessing = 0;
			shellPath = /bin/sh;
			shellScript = "diff \"${PODS_PODFILE_DIR_PATH}/Podfile.lock\" \"${PODS_ROOT}/Manifest.lock\" > /dev/null\nif [ $? != 0 ] ; then\n    # print error to STDERR\n    echo \"error: The sandbox is not in sync with the Podfile.lock. Run 'pod install' or update your CocoaPods installation.\" >&2\n    exit 1\nfi\n# This output is used by Xcode 'outputs' to avoid re-running this script phase.\necho \"SUCCESS\" > \"${SCRIPT_OUTPUT_FILE_0}\"\n";
			showEnvVarsInLog = 0;
		};
		B3E35FBEE635C2F3E3DEB0EB /* [CP] Check Pods Manifest.lock */ = {
			isa = PBXShellScriptBuildPhase;
			buildActionMask = 2147483647;
			files = (
			);
			inputFileListPaths = (
			);
			inputPaths = (
				"${PODS_PODFILE_DIR_PATH}/Podfile.lock",
				"${PODS_ROOT}/Manifest.lock",
			);
			name = "[CP] Check Pods Manifest.lock";
			outputFileListPaths = (
			);
			outputPaths = (
				"$(DERIVED_FILE_DIR)/Pods-SecureEnclaveBench-checkManifestLockResult.txt",
			);
			runOnlyForDeploymentPostprocessing = 0;
			shellPath = /bin/sh;
			shellScript = "diff \"${PODS_PODFILE_DIR_PATH}/Podfile.lock\" \"${PODS_ROOT}/Manifest.lock\" > /dev/null\nif [ $? != 0 ] ; then\n    # print error to STDERR\n    echo \"error: The sandbox is not in sync with the Podfile.lock. Run 'pod install' or update your CocoaPods installation.\" >&2\n    exit 1\nfi\n# This output is used by Xcode 'outputs' to avoid re-running this script phase.\necho \"SUCCESS\" > \"${SCRIPT_OUTPUT_FILE_0}\"\n";
			showEnvVarsInLog = 0;
		};
		B4AA9042F58316AE5F77AB8C /* [CP] Embed Pods Frameworks */ = {
			isa = PBXShellScriptBuildPhase;
			buildActionMask = 2147483647;
			files = (
			);
			inputFileListPaths = (
				"${PODS_ROOT}/Target Support Files/Pods-SecureEnclaveBench/Pods-SecureEnclaveBench-frameworks-${CONFIGURATION}-input-files.xcfilelist",
			);
			name = "[CP] Embed Pods Frameworks";
			outputFileListPaths = (
				"${PODS_ROOT}/Target Support Files/Pods-SecureEnclaveBench/Pods-SecureEnclaveBench-frameworks-${CONFIGURATION}-output-files.xcfilelist",
			);
			runOnlyForDeploymentPostprocessing = 0;
			shellPath = /bin/sh;
			shellScript = "\"${PODS_ROOT}/Target Support Files/Pods-SecureEnclaveBench/Pods-SecureEnclaveBench-frameworks.sh\"\n";
			showEnvVarsInLog = 0;
		};
/* End PBXShellScriptBuildPhase section */

/* Begin PBXSourcesBuildPhase section */
		30850549296F1A6800FFB481 /* Sources */ = {
			isa = PBXSourcesBuildPhase;
			buildActionMask = 2147483647;
			files = (
				303ADED029700A3B005E3023 /* SecureEnclave.swift in Sources */,
				30850553296F1A6800FFB481 /* ContentView.swift in Sources */,
				30D3BC8D29C5FEEC004F6DFD /* Utils.swift in Sources */,
				30850551296F1A6800FFB481 /* SecureEnclaveBenchApp.swift in Sources */,
				300DBA6129AE463C007DA9A6 /* Hkdf.swift in Sources */,
				303ADED2297026D7005E3023 /* UIDevice.swift in Sources */,
				3003F74329C5B6A6001D48FC /* RainbowSloth.swift in Sources */,
				30D3BC8829C5F8BA004F6DFD /* PwHash.swift in Sources */,
				30E01BB529B0F80E002D05DC /* ReHashToEc.swift in Sources */,
			);
			runOnlyForDeploymentPostprocessing = 0;
		};
		30850559296F1A6A00FFB481 /* Sources */ = {
			isa = PBXSourcesBuildPhase;
			buildActionMask = 2147483647;
			files = (
				300DBA6329AE4B44007DA9A6 /* HkdfTests.swift in Sources */,
				30E01BB329B0EF01002D05DC /* SecureEnclave.swift in Sources */,
				30D3BC8B29C5FB4F004F6DFD /* PwHashTests.swift in Sources */,
				30D3BC9029C603FE004F6DFD /* RainbowSlothTests.swift in Sources */,
				300DBA6429AE53A5007DA9A6 /* Hkdf.swift in Sources */,
				300DBA6629AE54F2007DA9A6 /* SecureEnclaveTests.swift in Sources */,
				30D3BC8E29C5FEEC004F6DFD /* Utils.swift in Sources */,
				30E01BB629B0F80E002D05DC /* ReHashToEc.swift in Sources */,
				3003F74429C5B6A6001D48FC /* RainbowSloth.swift in Sources */,
				30D3BC8929C5F8BA004F6DFD /* PwHash.swift in Sources */,
				30E01BB829B10758002D05DC /* ReHashToEcTests.swift in Sources */,
			);
			runOnlyForDeploymentPostprocessing = 0;
		};
/* End PBXSourcesBuildPhase section */

/* Begin PBXTargetDependency section */
		3085055F296F1A6A00FFB481 /* PBXTargetDependency */ = {
			isa = PBXTargetDependency;
			target = 3085054C296F1A6800FFB481 /* SecureEnclaveBench */;
			targetProxy = 3085055E296F1A6A00FFB481 /* PBXContainerItemProxy */;
		};
/* End PBXTargetDependency section */

/* Begin XCBuildConfiguration section */
		3085056F296F1A6A00FFB481 /* Debug */ = {
			isa = XCBuildConfiguration;
			buildSettings = {
				ALWAYS_SEARCH_USER_PATHS = NO;
				CLANG_ANALYZER_NONNULL = YES;
				CLANG_ANALYZER_NUMBER_OBJECT_CONVERSION = YES_AGGRESSIVE;
				CLANG_CXX_LANGUAGE_STANDARD = "gnu++20";
				CLANG_ENABLE_MODULES = YES;
				CLANG_ENABLE_OBJC_ARC = YES;
				CLANG_ENABLE_OBJC_WEAK = YES;
				CLANG_WARN_BLOCK_CAPTURE_AUTORELEASING = YES;
				CLANG_WARN_BOOL_CONVERSION = YES;
				CLANG_WARN_COMMA = YES;
				CLANG_WARN_CONSTANT_CONVERSION = YES;
				CLANG_WARN_DEPRECATED_OBJC_IMPLEMENTATIONS = YES;
				CLANG_WARN_DIRECT_OBJC_ISA_USAGE = YES_ERROR;
				CLANG_WARN_DOCUMENTATION_COMMENTS = YES;
				CLANG_WARN_EMPTY_BODY = YES;
				CLANG_WARN_ENUM_CONVERSION = YES;
				CLANG_WARN_INFINITE_RECURSION = YES;
				CLANG_WARN_INT_CONVERSION = YES;
				CLANG_WARN_NON_LITERAL_NULL_CONVERSION = YES;
				CLANG_WARN_OBJC_IMPLICIT_RETAIN_SELF = YES;
				CLANG_WARN_OBJC_LITERAL_CONVERSION = YES;
				CLANG_WARN_OBJC_ROOT_CLASS = YES_ERROR;
				CLANG_WARN_QUOTED_INCLUDE_IN_FRAMEWORK_HEADER = YES;
				CLANG_WARN_RANGE_LOOP_ANALYSIS = YES;
				CLANG_WARN_STRICT_PROTOTYPES = YES;
				CLANG_WARN_SUSPICIOUS_MOVE = YES;
				CLANG_WARN_UNGUARDED_AVAILABILITY = YES_AGGRESSIVE;
				CLANG_WARN_UNREACHABLE_CODE = YES;
				CLANG_WARN__DUPLICATE_METHOD_MATCH = YES;
				COPY_PHASE_STRIP = NO;
				DEBUG_INFORMATION_FORMAT = dwarf;
				ENABLE_STRICT_OBJC_MSGSEND = YES;
				ENABLE_TESTABILITY = YES;
				GCC_C_LANGUAGE_STANDARD = gnu11;
				GCC_DYNAMIC_NO_PIC = NO;
				GCC_NO_COMMON_BLOCKS = YES;
				GCC_OPTIMIZATION_LEVEL = 0;
				GCC_PREPROCESSOR_DEFINITIONS = (
					"DEBUG=1",
					"$(inherited)",
				);
				GCC_WARN_64_TO_32_BIT_CONVERSION = YES;
				GCC_WARN_ABOUT_RETURN_TYPE = YES_ERROR;
				GCC_WARN_UNDECLARED_SELECTOR = YES;
				GCC_WARN_UNINITIALIZED_AUTOS = YES_AGGRESSIVE;
				GCC_WARN_UNUSED_FUNCTION = YES;
				GCC_WARN_UNUSED_VARIABLE = YES;
				IPHONEOS_DEPLOYMENT_TARGET = 14.0;
				MTL_ENABLE_DEBUG_INFO = INCLUDE_SOURCE;
				MTL_FAST_MATH = YES;
				ONLY_ACTIVE_ARCH = YES;
				SDKROOT = iphoneos;
				SWIFT_ACTIVE_COMPILATION_CONDITIONS = DEBUG;
				SWIFT_OPTIMIZATION_LEVEL = "-Onone";
			};
			name = Debug;
		};
		30850570296F1A6A00FFB481 /* Release */ = {
			isa = XCBuildConfiguration;
			buildSettings = {
				ALWAYS_SEARCH_USER_PATHS = NO;
				CLANG_ANALYZER_NONNULL = YES;
				CLANG_ANALYZER_NUMBER_OBJECT_CONVERSION = YES_AGGRESSIVE;
				CLANG_CXX_LANGUAGE_STANDARD = "gnu++20";
				CLANG_ENABLE_MODULES = YES;
				CLANG_ENABLE_OBJC_ARC = YES;
				CLANG_ENABLE_OBJC_WEAK = YES;
				CLANG_WARN_BLOCK_CAPTURE_AUTORELEASING = YES;
				CLANG_WARN_BOOL_CONVERSION = YES;
				CLANG_WARN_COMMA = YES;
				CLANG_WARN_CONSTANT_CONVERSION = YES;
				CLANG_WARN_DEPRECATED_OBJC_IMPLEMENTATIONS = YES;
				CLANG_WARN_DIRECT_OBJC_ISA_USAGE = YES_ERROR;
				CLANG_WARN_DOCUMENTATION_COMMENTS = YES;
				CLANG_WARN_EMPTY_BODY = YES;
				CLANG_WARN_ENUM_CONVERSION = YES;
				CLANG_WARN_INFINITE_RECURSION = YES;
				CLANG_WARN_INT_CONVERSION = YES;
				CLANG_WARN_NON_LITERAL_NULL_CONVERSION = YES;
				CLANG_WARN_OBJC_IMPLICIT_RETAIN_SELF = YES;
				CLANG_WARN_OBJC_LITERAL_CONVERSION = YES;
				CLANG_WARN_OBJC_ROOT_CLASS = YES_ERROR;
				CLANG_WARN_QUOTED_INCLUDE_IN_FRAMEWORK_HEADER = YES;
				CLANG_WARN_RANGE_LOOP_ANALYSIS = YES;
				CLANG_WARN_STRICT_PROTOTYPES = YES;
				CLANG_WARN_SUSPICIOUS_MOVE = YES;
				CLANG_WARN_UNGUARDED_AVAILABILITY = YES_AGGRESSIVE;
				CLANG_WARN_UNREACHABLE_CODE = YES;
				CLANG_WARN__DUPLICATE_METHOD_MATCH = YES;
				COPY_PHASE_STRIP = NO;
				DEBUG_INFORMATION_FORMAT = "dwarf-with-dsym";
				ENABLE_NS_ASSERTIONS = NO;
				ENABLE_STRICT_OBJC_MSGSEND = YES;
				GCC_C_LANGUAGE_STANDARD = gnu11;
				GCC_NO_COMMON_BLOCKS = YES;
				GCC_WARN_64_TO_32_BIT_CONVERSION = YES;
				GCC_WARN_ABOUT_RETURN_TYPE = YES_ERROR;
				GCC_WARN_UNDECLARED_SELECTOR = YES;
				GCC_WARN_UNINITIALIZED_AUTOS = YES_AGGRESSIVE;
				GCC_WARN_UNUSED_FUNCTION = YES;
				GCC_WARN_UNUSED_VARIABLE = YES;
				IPHONEOS_DEPLOYMENT_TARGET = 14.0;
				MTL_ENABLE_DEBUG_INFO = NO;
				MTL_FAST_MATH = YES;
				SDKROOT = iphoneos;
				SWIFT_COMPILATION_MODE = wholemodule;
				SWIFT_OPTIMIZATION_LEVEL = "-O";
				VALIDATE_PRODUCT = YES;
			};
			name = Release;
		};
		30850572296F1A6A00FFB481 /* Debug */ = {
			isa = XCBuildConfiguration;
			baseConfigurationReference = 8E36CE7BC39DE6058CD8F830 /* Pods-SecureEnclaveBench.debug.xcconfig */;
			buildSettings = {
				ASSETCATALOG_COMPILER_APPICON_NAME = AppIcon;
				ASSETCATALOG_COMPILER_GLOBAL_ACCENT_COLOR_NAME = AccentColor;
				CODE_SIGN_STYLE = Automatic;
				CURRENT_PROJECT_VERSION = 1;
				DEVELOPMENT_ASSET_PATHS = "\"SecureEnclaveBench/Preview Content\"";
				DEVELOPMENT_TEAM = 48XKGWFXVN;
				ENABLE_PREVIEWS = YES;
				GENERATE_INFOPLIST_FILE = YES;
				INFOPLIST_KEY_UIApplicationSceneManifest_Generation = YES;
				INFOPLIST_KEY_UIApplicationSupportsIndirectInputEvents = YES;
				INFOPLIST_KEY_UILaunchScreen_Generation = YES;
				INFOPLIST_KEY_UISupportedInterfaceOrientations_iPad = "UIInterfaceOrientationPortrait UIInterfaceOrientationPortraitUpsideDown UIInterfaceOrientationLandscapeLeft UIInterfaceOrientationLandscapeRight";
				INFOPLIST_KEY_UISupportedInterfaceOrientations_iPhone = "UIInterfaceOrientationPortrait UIInterfaceOrientationLandscapeLeft UIInterfaceOrientationLandscapeRight";
				IPHONEOS_DEPLOYMENT_TARGET = 14.0;
				LD_RUNPATH_SEARCH_PATHS = (
					"$(inherited)",
					"@executable_path/Frameworks",
				);
				MARKETING_VERSION = 1.0;
				PRODUCT_BUNDLE_IDENTIFIER = com.lambdapioneer.pdese.SecureEnclaveBench;
				PRODUCT_NAME = "$(TARGET_NAME)";
				SWIFT_EMIT_LOC_STRINGS = YES;
				SWIFT_VERSION = 5.0;
				TARGETED_DEVICE_FAMILY = "1,2";
			};
			name = Debug;
		};
		30850573296F1A6A00FFB481 /* Release */ = {
			isa = XCBuildConfiguration;
			baseConfigurationReference = C7E2EFB1A1538986901492EC /* Pods-SecureEnclaveBench.release.xcconfig */;
			buildSettings = {
				ASSETCATALOG_COMPILER_APPICON_NAME = AppIcon;
				ASSETCATALOG_COMPILER_GLOBAL_ACCENT_COLOR_NAME = AccentColor;
				CODE_SIGN_STYLE = Automatic;
				CURRENT_PROJECT_VERSION = 1;
				DEVELOPMENT_ASSET_PATHS = "\"SecureEnclaveBench/Preview Content\"";
				DEVELOPMENT_TEAM = 48XKGWFXVN;
				ENABLE_PREVIEWS = YES;
				GENERATE_INFOPLIST_FILE = YES;
				INFOPLIST_KEY_UIApplicationSceneManifest_Generation = YES;
				INFOPLIST_KEY_UIApplicationSupportsIndirectInputEvents = YES;
				INFOPLIST_KEY_UILaunchScreen_Generation = YES;
				INFOPLIST_KEY_UISupportedInterfaceOrientations_iPad = "UIInterfaceOrientationPortrait UIInterfaceOrientationPortraitUpsideDown UIInterfaceOrientationLandscapeLeft UIInterfaceOrientationLandscapeRight";
				INFOPLIST_KEY_UISupportedInterfaceOrientations_iPhone = "UIInterfaceOrientationPortrait UIInterfaceOrientationLandscapeLeft UIInterfaceOrientationLandscapeRight";
				IPHONEOS_DEPLOYMENT_TARGET = 14.0;
				LD_RUNPATH_SEARCH_PATHS = (
					"$(inherited)",
					"@executable_path/Frameworks",
				);
				MARKETING_VERSION = 1.0;
				PRODUCT_BUNDLE_IDENTIFIER = com.lambdapioneer.pdese.SecureEnclaveBench;
				PRODUCT_NAME = "$(TARGET_NAME)";
				SWIFT_EMIT_LOC_STRINGS = YES;
				SWIFT_VERSION = 5.0;
				TARGETED_DEVICE_FAMILY = "1,2";
			};
			name = Release;
		};
		30850575296F1A6A00FFB481 /* Debug */ = {
			isa = XCBuildConfiguration;
			baseConfigurationReference = A8C6A422BF7C92F896CF025D /* Pods-SecureEnclaveBenchTests.debug.xcconfig */;
			buildSettings = {
				ALWAYS_EMBED_SWIFT_STANDARD_LIBRARIES = YES;
				BUNDLE_LOADER = "$(TEST_HOST)";
				CODE_SIGN_STYLE = Automatic;
				CURRENT_PROJECT_VERSION = 1;
				DEVELOPMENT_TEAM = 48XKGWFXVN;
				GENERATE_INFOPLIST_FILE = YES;
				IPHONEOS_DEPLOYMENT_TARGET = 14.0;
				MARKETING_VERSION = 1.0;
				PRODUCT_BUNDLE_IDENTIFIER = com.lambdapioneer.pdese.SecureEnclaveBenchTests;
				PRODUCT_NAME = "$(TARGET_NAME)";
				SWIFT_EMIT_LOC_STRINGS = NO;
				SWIFT_VERSION = 5.0;
				TARGETED_DEVICE_FAMILY = "1,2";
				TEST_HOST = "$(BUILT_PRODUCTS_DIR)/SecureEnclaveBench.app/$(BUNDLE_EXECUTABLE_FOLDER_PATH)/SecureEnclaveBench";
			};
			name = Debug;
		};
		30850576296F1A6A00FFB481 /* Release */ = {
			isa = XCBuildConfiguration;
			baseConfigurationReference = 3056BB0DFF210673FF054D85 /* Pods-SecureEnclaveBenchTests.release.xcconfig */;
			buildSettings = {
				ALWAYS_EMBED_SWIFT_STANDARD_LIBRARIES = YES;
				BUNDLE_LOADER = "$(TEST_HOST)";
				CODE_SIGN_STYLE = Automatic;
				CURRENT_PROJECT_VERSION = 1;
				DEVELOPMENT_TEAM = 48XKGWFXVN;
				GENERATE_INFOPLIST_FILE = YES;
				IPHONEOS_DEPLOYMENT_TARGET = 14.0;
				MARKETING_VERSION = 1.0;
				PRODUCT_BUNDLE_IDENTIFIER = com.lambdapioneer.pdese.SecureEnclaveBenchTests;
				PRODUCT_NAME = "$(TARGET_NAME)";
				SWIFT_EMIT_LOC_STRINGS = NO;
				SWIFT_VERSION = 5.0;
				TARGETED_DEVICE_FAMILY = "1,2";
				TEST_HOST = "$(BUILT_PRODUCTS_DIR)/SecureEnclaveBench.app/$(BUNDLE_EXECUTABLE_FOLDER_PATH)/SecureEnclaveBench";
			};
			name = Release;
		};
/* End XCBuildConfiguration section */

/* Begin XCConfigurationList section */
		30850548296F1A6800FFB481 /* Build configuration list for PBXProject "SecureEnclaveBench" */ = {
			isa = XCConfigurationList;
			buildConfigurations = (
				3085056F296F1A6A00FFB481 /* Debug */,
				30850570296F1A6A00FFB481 /* Release */,
			);
			defaultConfigurationIsVisible = 0;
			defaultConfigurationName = Release;
		};
		30850571296F1A6A00FFB481 /* Build configuration list for PBXNativeTarget "SecureEnclaveBench" */ = {
			isa = XCConfigurationList;
			buildConfigurations = (
				30850572296F1A6A00FFB481 /* Debug */,
				30850573296F1A6A00FFB481 /* Release */,
			);
			defaultConfigurationIsVisible = 0;
			defaultConfigurationName = Release;
		};
		30850574296F1A6A00FFB481 /* Build configuration list for PBXNativeTarget "SecureEnclaveBenchTests" */ = {
			isa = XCConfigurationList;
			buildConfigurations = (
				30850575296F1A6A00FFB481 /* Debug */,
				30850576296F1A6A00FFB481 /* Release */,
			);
			defaultConfigurationIsVisible = 0;
			defaultConfigurationName = Release;
		};
/* End XCConfigurationList section */
	};
	rootObject = 30850545296F1A6800FFB481 /* Project object */;
}
